[root]
name = "day-5"
version = "0.1.0"
dependencies = [
 "tabwriter 0.1.24 (registry+https://github.com/rust-lang/crates.io-index)",
]

[[package]]
name = "tabwriter"
version = "0.1.24"
source = "registry+https://github.com/rust-lang/crates.io-index"
dependencies = [
 "unicode-width 0.1.3 (registry+https://github.com/rust-lang/crates.io-index)",
]

[[package]]
name = "unicode-width"
version = "0.1.3"
source = "registry+https://github.com/rust-lang/crates.io-index"

